
Microsoft Visual Studio Solution File, Format Version 12.00
# Visual Studio 2013
VisualStudioVersion = 12.0.31101.0
MinimumVisualStudioVersion = 10.0.40219.1
Project("{FAE04EC0-301F-11D3-BF4B-00C04F79EFBC}") = "DesignPatterns", "DesignPatterns\DesignPatterns.csproj", "{CF07E3C0-1DCE-4A9B-AF58-DD683176856D}"
EndProject
Project("{2150E333-8FDC-42A3-9474-1A3956D46DE8}") = "FactoryPattern", "FactoryPattern", "{E2B12A68-84EF-4D17-848A-FA33566D2D86}"
EndProject
Project("{FAE04EC0-301F-11D3-BF4B-00C04F79EFBC}") = "Factory1", "Factory1\Factory1.csproj", "{0DBF3070-C071-4DAD-BA1D-CF1A0CD393DF}"
EndProject
Project("{2150E333-8FDC-42A3-9474-1A3956D46DE8}") = "DI", "DI", "{284FE141-B8B1-4D73-8CBA-D208994FD365}"
EndProject
Project("{FAE04EC0-301F-11D3-BF4B-00C04F79EFBC}") = "HelloDI", "HelloDI\HelloDI.csproj", "{EE215E76-C0BB-451C-80EF-7FD55A8D5364}"
EndProject
Project("{2150E333-8FDC-42A3-9474-1A3956D46DE8}") = "StrategyPattern", "StrategyPattern", "{8F15AAD1-75D8-4BF6-BC3F-F59D69415DAD}"
EndProject
Project("{FAE04EC0-301F-11D3-BF4B-00C04F79EFBC}") = "Factory2", "Factory2\Factory2.csproj", "{A11108FD-DB9D-4162-84C8-402E78EF6882}"
EndProject
Project("{FAE04EC0-301F-11D3-BF4B-00C04F79EFBC}") = "Factory3", "Factory3\Factory3.csproj", "{AB69ABDD-6AB0-408C-9E56-5592DF89E683}"
EndProject
Project("{2150E333-8FDC-42A3-9474-1A3956D46DE8}") = "CompositePattern", "CompositePattern", "{EB01F501-79D1-401F-B998-49078983A1D7}"
EndProject
Project("{FAE04EC0-301F-11D3-BF4B-00C04F79EFBC}") = "Composite1", "Composite1\Composite1.csproj", "{919F5509-2F59-4FA8-A7E2-8C2C1E32EF90}"
EndProject
Project("{FAE04EC0-301F-11D3-BF4B-00C04F79EFBC}") = "Composite2", "Composite2\Composite2.csproj", "{F13828CC-F50D-42E8-8461-E2D9D893B4A9}"
EndProject
Project("{FAE04EC0-301F-11D3-BF4B-00C04F79EFBC}") = "Strategy1", "Strategy1\Strategy1.csproj", "{3B9192AA-733F-4BDA-BE1A-6D92B86A5C2A}"
EndProject
Project("{2150E333-8FDC-42A3-9474-1A3956D46DE8}") = "BuilderPattern", "BuilderPattern", "{46755446-6EA5-4574-8328-B8933E8EAC0A}"
EndProject
Project("{FAE04EC0-301F-11D3-BF4B-00C04F79EFBC}") = "BuilderPattern1", "BuilderPattern1\BuilderPattern1.csproj", "{77BBE65C-1290-4C1A-A2D4-B8A8A97F6A3D}"
EndProject
Project("{2150E333-8FDC-42A3-9474-1A3956D46DE8}") = "TemplateMethodPattern", "TemplateMethodPattern", "{34669323-C258-4F24-8E5B-6ECC71FF590D}"
EndProject
Project("{FAE04EC0-301F-11D3-BF4B-00C04F79EFBC}") = "TemplateMethod1", "TemplateMethod1\TemplateMethod1.csproj", "{C315ACA5-78D0-439A-887B-2EC97D312739}"
EndProject
Project("{2150E333-8FDC-42A3-9474-1A3956D46DE8}") = "CommandPattern", "CommandPattern", "{2FCC6DBA-594E-40DC-92EB-7EBEEFD6F854}"
EndProject
Project("{FAE04EC0-301F-11D3-BF4B-00C04F79EFBC}") = "CommandPattern1", "CommandPattern1\CommandPattern1.csproj", "{31F11EE1-3247-4681-AD89-4BD16090CFD6}"
EndProject
Project("{FAE04EC0-301F-11D3-BF4B-00C04F79EFBC}") = "AbstractFactory", "AbstractFactory\AbstractFactory.csproj", "{CD732ED1-BD7D-4003-9725-18932B1846DA}"
EndProject
Project("{2150E333-8FDC-42A3-9474-1A3956D46DE8}") = "FacadePattern", "FacadePattern", "{3CB5DF7C-AE2E-4BC9-A0F8-66FB49EBF731}"
EndProject
Project("{FAE04EC0-301F-11D3-BF4B-00C04F79EFBC}") = "ConsoleApplication1", "ConsoleApplication1\ConsoleApplication1.csproj", "{8C3C5A7A-6DAE-4A41-81B5-BD6FD13EDCFE}"
EndProject
Global
	GlobalSection(SolutionConfigurationPlatforms) = preSolution
		Debug|Any CPU = Debug|Any CPU
		Release|Any CPU = Release|Any CPU
	EndGlobalSection
	GlobalSection(ProjectConfigurationPlatforms) = postSolution
		{CF07E3C0-1DCE-4A9B-AF58-DD683176856D}.Debug|Any CPU.ActiveCfg = Debug|Any CPU
		{CF07E3C0-1DCE-4A9B-AF58-DD683176856D}.Debug|Any CPU.Build.0 = Debug|Any CPU
		{CF07E3C0-1DCE-4A9B-AF58-DD683176856D}.Release|Any CPU.ActiveCfg = Release|Any CPU
		{CF07E3C0-1DCE-4A9B-AF58-DD683176856D}.Release|Any CPU.Build.0 = Release|Any CPU
		{0DBF3070-C071-4DAD-BA1D-CF1A0CD393DF}.Debug|Any CPU.ActiveCfg = Debug|Any CPU
		{0DBF3070-C071-4DAD-BA1D-CF1A0CD393DF}.Debug|Any CPU.Build.0 = Debug|Any CPU
		{0DBF3070-C071-4DAD-BA1D-CF1A0CD393DF}.Release|Any CPU.ActiveCfg = Release|Any CPU
		{0DBF3070-C071-4DAD-BA1D-CF1A0CD393DF}.Release|Any CPU.Build.0 = Release|Any CPU
		{EE215E76-C0BB-451C-80EF-7FD55A8D5364}.Debug|Any CPU.ActiveCfg = Debug|Any CPU
		{EE215E76-C0BB-451C-80EF-7FD55A8D5364}.Debug|Any CPU.Build.0 = Debug|Any CPU
		{EE215E76-C0BB-451C-80EF-7FD55A8D5364}.Release|Any CPU.ActiveCfg = Release|Any CPU
		{EE215E76-C0BB-451C-80EF-7FD55A8D5364}.Release|Any CPU.Build.0 = Release|Any CPU
		{A11108FD-DB9D-4162-84C8-402E78EF6882}.Debug|Any CPU.ActiveCfg = Debug|Any CPU
		{A11108FD-DB9D-4162-84C8-402E78EF6882}.Debug|Any CPU.Build.0 = Debug|Any CPU
		{A11108FD-DB9D-4162-84C8-402E78EF6882}.Release|Any CPU.ActiveCfg = Release|Any CPU
		{A11108FD-DB9D-4162-84C8-402E78EF6882}.Release|Any CPU.Build.0 = Release|Any CPU
		{AB69ABDD-6AB0-408C-9E56-5592DF89E683}.Debug|Any CPU.ActiveCfg = Debug|Any CPU
		{AB69ABDD-6AB0-408C-9E56-5592DF89E683}.Debug|Any CPU.Build.0 = Debug|Any CPU
		{AB69ABDD-6AB0-408C-9E56-5592DF89E683}.Release|Any CPU.ActiveCfg = Release|Any CPU
		{AB69ABDD-6AB0-408C-9E56-5592DF89E683}.Release|Any CPU.Build.0 = Release|Any CPU
		{919F5509-2F59-4FA8-A7E2-8C2C1E32EF90}.Debug|Any CPU.ActiveCfg = Debug|Any CPU
		{919F5509-2F59-4FA8-A7E2-8C2C1E32EF90}.Debug|Any CPU.Build.0 = Debug|Any CPU
		{919F5509-2F59-4FA8-A7E2-8C2C1E32EF90}.Release|Any CPU.ActiveCfg = Release|Any CPU
		{919F5509-2F59-4FA8-A7E2-8C2C1E32EF90}.Release|Any CPU.Build.0 = Release|Any CPU
		{F13828CC-F50D-42E8-8461-E2D9D893B4A9}.Debug|Any CPU.ActiveCfg = Debug|Any CPU
		{F13828CC-F50D-42E8-8461-E2D9D893B4A9}.Debug|Any CPU.Build.0 = Debug|Any CPU
		{F13828CC-F50D-42E8-8461-E2D9D893B4A9}.Release|Any CPU.ActiveCfg = Release|Any CPU
		{F13828CC-F50D-42E8-8461-E2D9D893B4A9}.Release|Any CPU.Build.0 = Release|Any CPU
		{3B9192AA-733F-4BDA-BE1A-6D92B86A5C2A}.Debug|Any CPU.ActiveCfg = Debug|Any CPU
		{3B9192AA-733F-4BDA-BE1A-6D92B86A5C2A}.Debug|Any CPU.Build.0 = Debug|Any CPU
		{3B9192AA-733F-4BDA-BE1A-6D92B86A5C2A}.Release|Any CPU.ActiveCfg = Release|Any CPU
		{3B9192AA-733F-4BDA-BE1A-6D92B86A5C2A}.Release|Any CPU.Build.0 = Release|Any CPU
		{77BBE65C-1290-4C1A-A2D4-B8A8A97F6A3D}.Debug|Any CPU.ActiveCfg = Debug|Any CPU
		{77BBE65C-1290-4C1A-A2D4-B8A8A97F6A3D}.Debug|Any CPU.Build.0 = Debug|Any CPU
		{77BBE65C-1290-4C1A-A2D4-B8A8A97F6A3D}.Release|Any CPU.ActiveCfg = Release|Any CPU
		{77BBE65C-1290-4C1A-A2D4-B8A8A97F6A3D}.Release|Any CPU.Build.0 = Release|Any CPU
		{C315ACA5-78D0-439A-887B-2EC97D312739}.Debug|Any CPU.ActiveCfg = Debug|Any CPU
		{C315ACA5-78D0-439A-887B-2EC97D312739}.Debug|Any CPU.Build.0 = Debug|Any CPU
		{C315ACA5-78D0-439A-887B-2EC97D312739}.Release|Any CPU.ActiveCfg = Release|Any CPU
		{C315ACA5-78D0-439A-887B-2EC97D312739}.Release|Any CPU.Build.0 = Release|Any CPU
		{31F11EE1-3247-4681-AD89-4BD16090CFD6}.Debug|Any CPU.ActiveCfg = Debug|Any CPU
		{31F11EE1-3247-4681-AD89-4BD16090CFD6}.Debug|Any CPU.Build.0 = Debug|Any CPU
		{31F11EE1-3247-4681-AD89-4BD16090CFD6}.Release|Any CPU.ActiveCfg = Release|Any CPU
		{31F11EE1-3247-4681-AD89-4BD16090CFD6}.Release|Any CPU.Build.0 = Release|Any CPU
		{CD732ED1-BD7D-4003-9725-18932B1846DA}.Debug|Any CPU.ActiveCfg = Debug|Any CPU
		{CD732ED1-BD7D-4003-9725-18932B1846DA}.Debug|Any CPU.Build.0 = Debug|Any CPU
		{CD732ED1-BD7D-4003-9725-18932B1846DA}.Release|Any CPU.ActiveCfg = Release|Any CPU
		{CD732ED1-BD7D-4003-9725-18932B1846DA}.Release|Any CPU.Build.0 = Release|Any CPU
		{8C3C5A7A-6DAE-4A41-81B5-BD6FD13EDCFE}.Debug|Any CPU.ActiveCfg = Debug|Any CPU
		{8C3C5A7A-6DAE-4A41-81B5-BD6FD13EDCFE}.Debug|Any CPU.Build.0 = Debug|Any CPU
		{8C3C5A7A-6DAE-4A41-81B5-BD6FD13EDCFE}.Release|Any CPU.ActiveCfg = Release|Any CPU
		{8C3C5A7A-6DAE-4A41-81B5-BD6FD13EDCFE}.Release|Any CPU.Build.0 = Release|Any CPU
	EndGlobalSection
	GlobalSection(SolutionProperties) = preSolution
		HideSolutionNode = FALSE
	EndGlobalSection
	GlobalSection(NestedProjects) = preSolution
		{0DBF3070-C071-4DAD-BA1D-CF1A0CD393DF} = {E2B12A68-84EF-4D17-848A-FA33566D2D86}
		{EE215E76-C0BB-451C-80EF-7FD55A8D5364} = {284FE141-B8B1-4D73-8CBA-D208994FD365}
		{A11108FD-DB9D-4162-84C8-402E78EF6882} = {E2B12A68-84EF-4D17-848A-FA33566D2D86}
		{AB69ABDD-6AB0-408C-9E56-5592DF89E683} = {E2B12A68-84EF-4D17-848A-FA33566D2D86}
		{919F5509-2F59-4FA8-A7E2-8C2C1E32EF90} = {EB01F501-79D1-401F-B998-49078983A1D7}
		{F13828CC-F50D-42E8-8461-E2D9D893B4A9} = {EB01F501-79D1-401F-B998-49078983A1D7}
		{3B9192AA-733F-4BDA-BE1A-6D92B86A5C2A} = {8F15AAD1-75D8-4BF6-BC3F-F59D69415DAD}
		{77BBE65C-1290-4C1A-A2D4-B8A8A97F6A3D} = {46755446-6EA5-4574-8328-B8933E8EAC0A}
		{C315ACA5-78D0-439A-887B-2EC97D312739} = {34669323-C258-4F24-8E5B-6ECC71FF590D}
		{31F11EE1-3247-4681-AD89-4BD16090CFD6} = {2FCC6DBA-594E-40DC-92EB-7EBEEFD6F854}
		{CD732ED1-BD7D-4003-9725-18932B1846DA} = {E2B12A68-84EF-4D17-848A-FA33566D2D86}
		{8C3C5A7A-6DAE-4A41-81B5-BD6FD13EDCFE} = {3CB5DF7C-AE2E-4BC9-A0F8-66FB49EBF731}
	EndGlobalSection
EndGlobal
