
Microsoft Visual Studio Solution File, Format Version 12.00
# Visual Studio 2013
VisualStudioVersion = 12.0.31101.0
MinimumVisualStudioVersion = 10.0.40219.1
Project("{FAE04EC0-301F-11D3-BF4B-00C04F79EFBC}") = "DesignPatterns", "DesignPatterns\DesignPatterns.csproj", "{CF07E3C0-1DCE-4A9B-AF58-DD683176856D}"
EndProject
Project("{2150E333-8FDC-42A3-9474-1A3956D46DE8}") = "FactoryPattern", "FactoryPattern", "{E2B12A68-84EF-4D17-848A-FA33566D2D86}"
EndProject
Project("{FAE04EC0-301F-11D3-BF4B-00C04F79EFBC}") = "Factory1", "Factory1\Factory1.csproj", "{0DBF3070-C071-4DAD-BA1D-CF1A0CD393DF}"
EndProject
Project("{2150E333-8FDC-42A3-9474-1A3956D46DE8}") = "DI", "DI", "{284FE141-B8B1-4D73-8CBA-D208994FD365}"
EndProject
Project("{FAE04EC0-301F-11D3-BF4B-00C04F79EFBC}") = "HelloDI", "HelloDI\HelloDI.csproj", "{EE215E76-C0BB-451C-80EF-7FD55A8D5364}"
EndProject
Project("{2150E333-8FDC-42A3-9474-1A3956D46DE8}") = "StrategyPattern", "StrategyPattern", "{8F15AAD1-75D8-4BF6-BC3F-F59D69415DAD}"
EndProject
Project("{FAE04EC0-301F-11D3-BF4B-00C04F79EFBC}") = "Factory2", "Factory2\Factory2.csproj", "{A11108FD-DB9D-4162-84C8-402E78EF6882}"
EndProject
Project("{FAE04EC0-301F-11D3-BF4B-00C04F79EFBC}") = "Factory3", "Factory3\Factory3.csproj", "{AB69ABDD-6AB0-408C-9E56-5592DF89E683}"
EndProject
Global
	GlobalSection(SolutionConfigurationPlatforms) = preSolution
		Debug|Any CPU = Debug|Any CPU
		Release|Any CPU = Release|Any CPU
	EndGlobalSection
	GlobalSection(ProjectConfigurationPlatforms) = postSolution
		{CF07E3C0-1DCE-4A9B-AF58-DD683176856D}.Debug|Any CPU.ActiveCfg = Debug|Any CPU
		{CF07E3C0-1DCE-4A9B-AF58-DD683176856D}.Debug|Any CPU.Build.0 = Debug|Any CPU
		{CF07E3C0-1DCE-4A9B-AF58-DD683176856D}.Release|Any CPU.ActiveCfg = Release|Any CPU
		{CF07E3C0-1DCE-4A9B-AF58-DD683176856D}.Release|Any CPU.Build.0 = Release|Any CPU
		{0DBF3070-C071-4DAD-BA1D-CF1A0CD393DF}.Debug|Any CPU.ActiveCfg = Debug|Any CPU
		{0DBF3070-C071-4DAD-BA1D-CF1A0CD393DF}.Debug|Any CPU.Build.0 = Debug|Any CPU
		{0DBF3070-C071-4DAD-BA1D-CF1A0CD393DF}.Release|Any CPU.ActiveCfg = Release|Any CPU
		{0DBF3070-C071-4DAD-BA1D-CF1A0CD393DF}.Release|Any CPU.Build.0 = Release|Any CPU
		{EE215E76-C0BB-451C-80EF-7FD55A8D5364}.Debug|Any CPU.ActiveCfg = Debug|Any CPU
		{EE215E76-C0BB-451C-80EF-7FD55A8D5364}.Debug|Any CPU.Build.0 = Debug|Any CPU
		{EE215E76-C0BB-451C-80EF-7FD55A8D5364}.Release|Any CPU.ActiveCfg = Release|Any CPU
		{EE215E76-C0BB-451C-80EF-7FD55A8D5364}.Release|Any CPU.Build.0 = Release|Any CPU
		{A11108FD-DB9D-4162-84C8-402E78EF6882}.Debug|Any CPU.ActiveCfg = Debug|Any CPU
		{A11108FD-DB9D-4162-84C8-402E78EF6882}.Debug|Any CPU.Build.0 = Debug|Any CPU
		{A11108FD-DB9D-4162-84C8-402E78EF6882}.Release|Any CPU.ActiveCfg = Release|Any CPU
		{A11108FD-DB9D-4162-84C8-402E78EF6882}.Release|Any CPU.Build.0 = Release|Any CPU
		{AB69ABDD-6AB0-408C-9E56-5592DF89E683}.Debug|Any CPU.ActiveCfg = Debug|Any CPU
		{AB69ABDD-6AB0-408C-9E56-5592DF89E683}.Debug|Any CPU.Build.0 = Debug|Any CPU
		{AB69ABDD-6AB0-408C-9E56-5592DF89E683}.Release|Any CPU.ActiveCfg = Release|Any CPU
		{AB69ABDD-6AB0-408C-9E56-5592DF89E683}.Release|Any CPU.Build.0 = Release|Any CPU
	EndGlobalSection
	GlobalSection(SolutionProperties) = preSolution
		HideSolutionNode = FALSE
	EndGlobalSection
	GlobalSection(NestedProjects) = preSolution
		{0DBF3070-C071-4DAD-BA1D-CF1A0CD393DF} = {E2B12A68-84EF-4D17-848A-FA33566D2D86}
		{EE215E76-C0BB-451C-80EF-7FD55A8D5364} = {284FE141-B8B1-4D73-8CBA-D208994FD365}
		{A11108FD-DB9D-4162-84C8-402E78EF6882} = {E2B12A68-84EF-4D17-848A-FA33566D2D86}
		{AB69ABDD-6AB0-408C-9E56-5592DF89E683} = {E2B12A68-84EF-4D17-848A-FA33566D2D86}
	EndGlobalSection
EndGlobal
